
Microsoft Visual Studio Solution File, Format Version 12.00
# Visual Studio Version 16
VisualStudioVersion = 16.0.29806.167
MinimumVisualStudioVersion = 10.0.40219.1
Project("{FAE04EC0-301F-11D3-BF4B-00C04F79EFBC}") = "eHospital_PACS_Integration", "eHospital_PACS_Integration.csproj", "{82A1FBB6-42D4-4732-92E2-A91CD2600F2D}"
EndProject
Global
	GlobalSection(SolutionConfigurationPlatforms) = preSolution
		Debug|Any CPU = Debug|Any CPU
		Release|Any CPU = Release|Any CPU
	EndGlobalSection
	GlobalSection(ProjectConfigurationPlatforms) = postSolution
		{82A1FBB6-42D4-4732-92E2-A91CD2600F2D}.Debug|Any CPU.ActiveCfg = Debug|Any CPU
		{82A1FBB6-42D4-4732-92E2-A91CD2600F2D}.Debug|Any CPU.Build.0 = Debug|Any CPU
		{82A1FBB6-42D4-4732-92E2-A91CD2600F2D}.Release|Any CPU.ActiveCfg = Release|Any CPU
		{82A1FBB6-42D4-4732-92E2-A91CD2600F2D}.Release|Any CPU.Build.0 = Release|Any CPU
	EndGlobalSection
	GlobalSection(SolutionProperties) = preSolution
		HideSolutionNode = FALSE
	EndGlobalSection
	GlobalSection(ExtensibilityGlobals) = postSolution
		SolutionGuid = {E36E5BDC-89A1-4858-9312-A220FFA93CF4}
	EndGlobalSection
EndGlobal
